
Microsoft Visual Studio Solution File, Format Version 12.00
# Visual Studio Version 17
VisualStudioVersion = 17.7.34003.232
MinimumVisualStudioVersion = 10.0.40219.1
Project("{FAE04EC0-301F-11D3-BF4B-00C04F79EFBC}") = "UserMessageQuery", "UserMessageQuery\UserMessageQuery.csproj", "{90E58397-0E9E-488E-9775-4FC1EED36A28}"
EndProject
Global
	GlobalSection(SolutionConfigurationPlatforms) = preSolution
		Debug|Any CPU = Debug|Any CPU
		Release|Any CPU = Release|Any CPU
	EndGlobalSection
	GlobalSection(ProjectConfigurationPlatforms) = postSolution
		{90E58397-0E9E-488E-9775-4FC1EED36A28}.Debug|Any CPU.ActiveCfg = Debug|Any CPU
		{90E58397-0E9E-488E-9775-4FC1EED36A28}.Debug|Any CPU.Build.0 = Debug|Any CPU
		{90E58397-0E9E-488E-9775-4FC1EED36A28}.Release|Any CPU.ActiveCfg = Release|Any CPU
		{90E58397-0E9E-488E-9775-4FC1EED36A28}.Release|Any CPU.Build.0 = Release|Any CPU
	EndGlobalSection
	GlobalSection(SolutionProperties) = preSolution
		HideSolutionNode = FALSE
	EndGlobalSection
	GlobalSection(ExtensibilityGlobals) = postSolution
		SolutionGuid = {BEDF8926-DDB5-4575-ADDD-B7F1385D50E6}
	EndGlobalSection
EndGlobal
